// !$*UTF8*$!
{
	archiveVersion = 1;
	classes = {
	};
	objectVersion = 55;
	objects = {

/* Begin PBXBuildFile section */
		6D2D29C927673BB4002966D3 /* NeumorphismApp.swift in Sources */ = {isa = PBXBuildFile; fileRef = 6D2D29C827673BB4002966D3 /* NeumorphismApp.swift */; };
		6D2D29CB27673BB4002966D3 /* ContentView.swift in Sources */ = {isa = PBXBuildFile; fileRef = 6D2D29CA27673BB4002966D3 /* ContentView.swift */; };
		6D2D29CD27673BB7002966D3 /* Assets.xcassets in Resources */ = {isa = PBXBuildFile; fileRef = 6D2D29CC27673BB7002966D3 /* Assets.xcassets */; };
		6D2D29D027673BB7002966D3 /* Preview Assets.xcassets in Resources */ = {isa = PBXBuildFile; fileRef = 6D2D29CF27673BB7002966D3 /* Preview Assets.xcassets */; };
		6D2D29D8276758E5002966D3 /* TextStyle.swift in Sources */ = {isa = PBXBuildFile; fileRef = 6D2D29D7276758E4002966D3 /* TextStyle.swift */; };
		6D2D29DA27677A34002966D3 /* ButtonStyleGuide.swift in Sources */ = {isa = PBXBuildFile; fileRef = 6D2D29D927677A34002966D3 /* ButtonStyleGuide.swift */; };
		6D2D29DC27679DEE002966D3 /* ShadowStyle.swift in Sources */ = {isa = PBXBuildFile; fileRef = 6D2D29DB27679DEE002966D3 /* ShadowStyle.swift */; };
		6D2D29DE2767B7E2002966D3 /* ToggleStyles.swift in Sources */ = {isa = PBXBuildFile; fileRef = 6D2D29DD2767B7E2002966D3 /* ToggleStyles.swift */; };
		6D2D29E0276907DB002966D3 /* TextFieldStyleGuide.swift in Sources */ = {isa = PBXBuildFile; fileRef = 6D2D29DF276907DB002966D3 /* TextFieldStyleGuide.swift */; };
		6D2D29E327690F70002966D3 /* SubscribeView.swift in Sources */ = {isa = PBXBuildFile; fileRef = 6D2D29E227690F70002966D3 /* SubscribeView.swift */; };
		6D2D29E527693809002966D3 /* PinView.swift in Sources */ = {isa = PBXBuildFile; fileRef = 6D2D29E427693808002966D3 /* PinView.swift */; };
		6D2D29E727693D33002966D3 /* FoodGalleryView.swift in Sources */ = {isa = PBXBuildFile; fileRef = 6D2D29E627693D33002966D3 /* FoodGalleryView.swift */; };
		6D2D29E9276944F9002966D3 /* FoodItem.swift in Sources */ = {isa = PBXBuildFile; fileRef = 6D2D29E8276944F8002966D3 /* FoodItem.swift */; };
/* End PBXBuildFile section */

/* Begin PBXFileReference section */
		6D2D29C527673BB4002966D3 /* Neumorphism.app */ = {isa = PBXFileReference; explicitFileType = wrapper.application; includeInIndex = 0; path = Neumorphism.app; sourceTree = BUILT_PRODUCTS_DIR; };
		6D2D29C827673BB4002966D3 /* NeumorphismApp.swift */ = {isa = PBXFileReference; lastKnownFileType = sourcecode.swift; path = NeumorphismApp.swift; sourceTree = "<group>"; };
		6D2D29CA27673BB4002966D3 /* ContentView.swift */ = {isa = PBXFileReference; lastKnownFileType = sourcecode.swift; path = ContentView.swift; sourceTree = "<group>"; };
		6D2D29CC27673BB7002966D3 /* Assets.xcassets */ = {isa = PBXFileReference; lastKnownFileType = folder.assetcatalog; path = Assets.xcassets; sourceTree = "<group>"; };
		6D2D29CF27673BB7002966D3 /* Preview Assets.xcassets */ = {isa = PBXFileReference; lastKnownFileType = folder.assetcatalog; path = "Preview Assets.xcassets"; sourceTree = "<group>"; };
		6D2D29D7276758E4002966D3 /* TextStyle.swift */ = {isa = PBXFileReference; lastKnownFileType = sourcecode.swift; path = TextStyle.swift; sourceTree = "<group>"; };
		6D2D29D927677A34002966D3 /* ButtonStyleGuide.swift */ = {isa = PBXFileReference; lastKnownFileType = sourcecode.swift; path = ButtonStyleGuide.swift; sourceTree = "<group>"; };
		6D2D29DB27679DEE002966D3 /* ShadowStyle.swift */ = {isa = PBXFileReference; lastKnownFileType = sourcecode.swift; path = ShadowStyle.swift; sourceTree = "<group>"; };
		6D2D29DD2767B7E2002966D3 /* ToggleStyles.swift */ = {isa = PBXFileReference; lastKnownFileType = sourcecode.swift; path = ToggleStyles.swift; sourceTree = "<group>"; };
		6D2D29DF276907DB002966D3 /* TextFieldStyleGuide.swift */ = {isa = PBXFileReference; lastKnownFileType = sourcecode.swift; path = TextFieldStyleGuide.swift; sourceTree = "<group>"; };
		6D2D29E227690F70002966D3 /* SubscribeView.swift */ = {isa = PBXFileReference; lastKnownFileType = sourcecode.swift; path = SubscribeView.swift; sourceTree = "<group>"; };
		6D2D29E427693808002966D3 /* PinView.swift */ = {isa = PBXFileReference; lastKnownFileType = sourcecode.swift; path = PinView.swift; sourceTree = "<group>"; };
		6D2D29E627693D33002966D3 /* FoodGalleryView.swift */ = {isa = PBXFileReference; lastKnownFileType = sourcecode.swift; path = FoodGalleryView.swift; sourceTree = "<group>"; };
		6D2D29E8276944F8002966D3 /* FoodItem.swift */ = {isa = PBXFileReference; lastKnownFileType = sourcecode.swift; path = FoodItem.swift; sourceTree = "<group>"; };
/* End PBXFileReference section */

/* Begin PBXFrameworksBuildPhase section */
		6D2D29C227673BB4002966D3 /* Frameworks */ = {
			isa = PBXFrameworksBuildPhase;
			buildActionMask = 2147483647;
			files = (
			);
			runOnlyForDeploymentPostprocessing = 0;
		};
/* End PBXFrameworksBuildPhase section */

/* Begin PBXGroup section */
		6D2D29BC27673BB4002966D3 = {
			isa = PBXGroup;
			children = (
				6D2D29C727673BB4002966D3 /* Neumorphism */,
				6D2D29C627673BB4002966D3 /* Products */,
			);
			sourceTree = "<group>";
		};
		6D2D29C627673BB4002966D3 /* Products */ = {
			isa = PBXGroup;
			children = (
				6D2D29C527673BB4002966D3 /* Neumorphism.app */,
			);
			name = Products;
			sourceTree = "<group>";
		};
		6D2D29C727673BB4002966D3 /* Neumorphism */ = {
			isa = PBXGroup;
			children = (
				6D2D29C827673BB4002966D3 /* NeumorphismApp.swift */,
				6D2D29CA27673BB4002966D3 /* ContentView.swift */,
				6D2D29E627693D33002966D3 /* FoodGalleryView.swift */,
				6D2D29E427693808002966D3 /* PinView.swift */,
				6D2D29E227690F70002966D3 /* SubscribeView.swift */,
				6D2D29E8276944F8002966D3 /* FoodItem.swift */,
				6D2D29D6276758C3002966D3 /* style guide */,
				6D2D29CC27673BB7002966D3 /* Assets.xcassets */,
				6D2D29CE27673BB7002966D3 /* Preview Content */,
			);
			path = Neumorphism;
			sourceTree = "<group>";
		};
		6D2D29CE27673BB7002966D3 /* Preview Content */ = {
			isa = PBXGroup;
			children = (
				6D2D29CF27673BB7002966D3 /* Preview Assets.xcassets */,
			);
			path = "Preview Content";
			sourceTree = "<group>";
		};
		6D2D29D6276758C3002966D3 /* style guide */ = {
			isa = PBXGroup;
			children = (
				6D2D29D7276758E4002966D3 /* TextStyle.swift */,
				6D2D29D927677A34002966D3 /* ButtonStyleGuide.swift */,
				6D2D29DB27679DEE002966D3 /* ShadowStyle.swift */,
				6D2D29DD2767B7E2002966D3 /* ToggleStyles.swift */,
				6D2D29DF276907DB002966D3 /* TextFieldStyleGuide.swift */,
			);
			path = "style guide";
			sourceTree = "<group>";
		};
/* End PBXGroup section */

/* Begin PBXNativeTarget section */
		6D2D29C427673BB4002966D3 /* Neumorphism */ = {
			isa = PBXNativeTarget;
			buildConfigurationList = 6D2D29D327673BB7002966D3 /* Build configuration list for PBXNativeTarget "Neumorphism" */;
			buildPhases = (
				6D2D29C127673BB4002966D3 /* Sources */,
				6D2D29C227673BB4002966D3 /* Frameworks */,
				6D2D29C327673BB4002966D3 /* Resources */,
			);
			buildRules = (
			);
			dependencies = (
			);
			name = Neumorphism;
			productName = Neumorphism;
			productReference = 6D2D29C527673BB4002966D3 /* Neumorphism.app */;
			productType = "com.apple.product-type.application";
		};
/* End PBXNativeTarget section */

/* Begin PBXProject section */
		6D2D29BD27673BB4002966D3 /* Project object */ = {
			isa = PBXProject;
			attributes = {
				BuildIndependentTargetsInParallel = 1;
				LastSwiftUpdateCheck = 1310;
				LastUpgradeCheck = 1310;
				TargetAttributes = {
					6D2D29C427673BB4002966D3 = {
						CreatedOnToolsVersion = 13.1;
					};
				};
			};
			buildConfigurationList = 6D2D29C027673BB4002966D3 /* Build configuration list for PBXProject "Neumorphism" */;
			compatibilityVersion = "Xcode 13.0";
			developmentRegion = en;
			hasScannedForEncodings = 0;
			knownRegions = (
				en,
				Base,
			);
			mainGroup = 6D2D29BC27673BB4002966D3;
			productRefGroup = 6D2D29C627673BB4002966D3 /* Products */;
			projectDirPath = "";
			projectRoot = "";
			targets = (
				6D2D29C427673BB4002966D3 /* Neumorphism */,
			);
		};
/* End PBXProject section */

/* Begin PBXResourcesBuildPhase section */
		6D2D29C327673BB4002966D3 /* Resources */ = {
			isa = PBXResourcesBuildPhase;
			buildActionMask = 2147483647;
			files = (
				6D2D29D027673BB7002966D3 /* Preview Assets.xcassets in Resources */,
				6D2D29CD27673BB7002966D3 /* Assets.xcassets in Resources */,
			);
			runOnlyForDeploymentPostprocessing = 0;
		};
/* End PBXResourcesBuildPhase section */

/* Begin PBXSourcesBuildPhase section */
		6D2D29C127673BB4002966D3 /* Sources */ = {
			isa = PBXSourcesBuildPhase;
			buildActionMask = 2147483647;
			files = (
				6D2D29E0276907DB002966D3 /* TextFieldStyleGuide.swift in Sources */,
				6D2D29DA27677A34002966D3 /* ButtonStyleGuide.swift in Sources */,
				6D2D29DE2767B7E2002966D3 /* ToggleStyles.swift in Sources */,
				6D2D29E327690F70002966D3 /* SubscribeView.swift in Sources */,
				6D2D29D8276758E5002966D3 /* TextStyle.swift in Sources */,
				6D2D29E527693809002966D3 /* PinView.swift in Sources */,
				6D2D29CB27673BB4002966D3 /* ContentView.swift in Sources */,
				6D2D29DC27679DEE002966D3 /* ShadowStyle.swift in Sources */,
				6D2D29C927673BB4002966D3 /* NeumorphismApp.swift in Sources */,
				6D2D29E727693D33002966D3 /* FoodGalleryView.swift in Sources */,
				6D2D29E9276944F9002966D3 /* FoodItem.swift in Sources */,
			);
			runOnlyForDeploymentPostprocessing = 0;
		};
/* End PBXSourcesBuildPhase section */

/* Begin XCBuildConfiguration section */
		6D2D29D127673BB7002966D3 /* Debug */ = {
			isa = XCBuildConfiguration;
			buildSettings = {
				ALWAYS_SEARCH_USER_PATHS = NO;
				CLANG_ANALYZER_NONNULL = YES;
				CLANG_ANALYZER_NUMBER_OBJECT_CONVERSION = YES_AGGRESSIVE;
				CLANG_CXX_LANGUAGE_STANDARD = "gnu++17";
				CLANG_CXX_LIBRARY = "libc++";
				CLANG_ENABLE_MODULES = YES;
				CLANG_ENABLE_OBJC_ARC = YES;
				CLANG_ENABLE_OBJC_WEAK = YES;
				CLANG_WARN_BLOCK_CAPTURE_AUTORELEASING = YES;
				CLANG_WARN_BOOL_CONVERSION = YES;
				CLANG_WARN_COMMA = YES;
				CLANG_WARN_CONSTANT_CONVERSION = YES;
				CLANG_WARN_DEPRECATED_OBJC_IMPLEMENTATIONS = YES;
				CLANG_WARN_DIRECT_OBJC_ISA_USAGE = YES_ERROR;
				CLANG_WARN_DOCUMENTATION_COMMENTS = YES;
				CLANG_WARN_EMPTY_BODY = YES;
				CLANG_WARN_ENUM_CONVERSION = YES;
				CLANG_WARN_INFINITE_RECURSION = YES;
				CLANG_WARN_INT_CONVERSION = YES;
				CLANG_WARN_NON_LITERAL_NULL_CONVERSION = YES;
				CLANG_WARN_OBJC_IMPLICIT_RETAIN_SELF = YES;
				CLANG_WARN_OBJC_LITERAL_CONVERSION = YES;
				CLANG_WARN_OBJC_ROOT_CLASS = YES_ERROR;
				CLANG_WARN_QUOTED_INCLUDE_IN_FRAMEWORK_HEADER = YES;
				CLANG_WARN_RANGE_LOOP_ANALYSIS = YES;
				CLANG_WARN_STRICT_PROTOTYPES = YES;
				CLANG_WARN_SUSPICIOUS_MOVE = YES;
				CLANG_WARN_UNGUARDED_AVAILABILITY = YES_AGGRESSIVE;
				CLANG_WARN_UNREACHABLE_CODE = YES;
				CLANG_WARN__DUPLICATE_METHOD_MATCH = YES;
				COPY_PHASE_STRIP = NO;
				DEBUG_INFORMATION_FORMAT = dwarf;
				ENABLE_STRICT_OBJC_MSGSEND = YES;
				ENABLE_TESTABILITY = YES;
				GCC_C_LANGUAGE_STANDARD = gnu11;
				GCC_DYNAMIC_NO_PIC = NO;
				GCC_NO_COMMON_BLOCKS = YES;
				GCC_OPTIMIZATION_LEVEL = 0;
				GCC_PREPROCESSOR_DEFINITIONS = (
					"DEBUG=1",
					"$(inherited)",
				);
				GCC_WARN_64_TO_32_BIT_CONVERSION = YES;
				GCC_WARN_ABOUT_RETURN_TYPE = YES_ERROR;
				GCC_WARN_UNDECLARED_SELECTOR = YES;
				GCC_WARN_UNINITIALIZED_AUTOS = YES_AGGRESSIVE;
				GCC_WARN_UNUSED_FUNCTION = YES;
				GCC_WARN_UNUSED_VARIABLE = YES;
				IPHONEOS_DEPLOYMENT_TARGET = 15.0;
				MTL_ENABLE_DEBUG_INFO = INCLUDE_SOURCE;
				MTL_FAST_MATH = YES;
				ONLY_ACTIVE_ARCH = YES;
				SDKROOT = iphoneos;
				SWIFT_ACTIVE_COMPILATION_CONDITIONS = DEBUG;
				SWIFT_OPTIMIZATION_LEVEL = "-Onone";
			};
			name = Debug;
		};
		6D2D29D227673BB7002966D3 /* Release */ = {
			isa = XCBuildConfiguration;
			buildSettings = {
				ALWAYS_SEARCH_USER_PATHS = NO;
				CLANG_ANALYZER_NONNULL = YES;
				CLANG_ANALYZER_NUMBER_OBJECT_CONVERSION = YES_AGGRESSIVE;
				CLANG_CXX_LANGUAGE_STANDARD = "gnu++17";
				CLANG_CXX_LIBRARY = "libc++";
				CLANG_ENABLE_MODULES = YES;
				CLANG_ENABLE_OBJC_ARC = YES;
				CLANG_ENABLE_OBJC_WEAK = YES;
				CLANG_WARN_BLOCK_CAPTURE_AUTORELEASING = YES;
				CLANG_WARN_BOOL_CONVERSION = YES;
				CLANG_WARN_COMMA = YES;
				CLANG_WARN_CONSTANT_CONVERSION = YES;
				CLANG_WARN_DEPRECATED_OBJC_IMPLEMENTATIONS = YES;
				CLANG_WARN_DIRECT_OBJC_ISA_USAGE = YES_ERROR;
				CLANG_WARN_DOCUMENTATION_COMMENTS = YES;
				CLANG_WARN_EMPTY_BODY = YES;
				CLANG_WARN_ENUM_CONVERSION = YES;
				CLANG_WARN_INFINITE_RECURSION = YES;
				CLANG_WARN_INT_CONVERSION = YES;
				CLANG_WARN_NON_LITERAL_NULL_CONVERSION = YES;
				CLANG_WARN_OBJC_IMPLICIT_RETAIN_SELF = YES;
				CLANG_WARN_OBJC_LITERAL_CONVERSION = YES;
				CLANG_WARN_OBJC_ROOT_CLASS = YES_ERROR;
				CLANG_WARN_QUOTED_INCLUDE_IN_FRAMEWORK_HEADER = YES;
				CLANG_WARN_RANGE_LOOP_ANALYSIS = YES;
				CLANG_WARN_STRICT_PROTOTYPES = YES;
				CLANG_WARN_SUSPICIOUS_MOVE = YES;
				CLANG_WARN_UNGUARDED_AVAILABILITY = YES_AGGRESSIVE;
				CLANG_WARN_UNREACHABLE_CODE = YES;
				CLANG_WARN__DUPLICATE_METHOD_MATCH = YES;
				COPY_PHASE_STRIP = NO;
				DEBUG_INFORMATION_FORMAT = "dwarf-with-dsym";
				ENABLE_NS_ASSERTIONS = NO;
				ENABLE_STRICT_OBJC_MSGSEND = YES;
				GCC_C_LANGUAGE_STANDARD = gnu11;
				GCC_NO_COMMON_BLOCKS = YES;
				GCC_WARN_64_TO_32_BIT_CONVERSION = YES;
				GCC_WARN_ABOUT_RETURN_TYPE = YES_ERROR;
				GCC_WARN_UNDECLARED_SELECTOR = YES;
				GCC_WARN_UNINITIALIZED_AUTOS = YES_AGGRESSIVE;
				GCC_WARN_UNUSED_FUNCTION = YES;
				GCC_WARN_UNUSED_VARIABLE = YES;
				IPHONEOS_DEPLOYMENT_TARGET = 15.0;
				MTL_ENABLE_DEBUG_INFO = NO;
				MTL_FAST_MATH = YES;
				SDKROOT = iphoneos;
				SWIFT_COMPILATION_MODE = wholemodule;
				SWIFT_OPTIMIZATION_LEVEL = "-O";
				VALIDATE_PRODUCT = YES;
			};
			name = Release;
		};
		6D2D29D427673BB7002966D3 /* Debug */ = {
			isa = XCBuildConfiguration;
			buildSettings = {
				ASSETCATALOG_COMPILER_APPICON_NAME = AppIcon;
				ASSETCATALOG_COMPILER_GLOBAL_ACCENT_COLOR_NAME = AccentColor;
				CODE_SIGN_STYLE = Automatic;
				CURRENT_PROJECT_VERSION = 1;
				DEVELOPMENT_ASSET_PATHS = "\"Neumorphism/Preview Content\"";
				DEVELOPMENT_TEAM = 74888VXG95;
				ENABLE_PREVIEWS = YES;
				GENERATE_INFOPLIST_FILE = YES;
				INFOPLIST_KEY_UIApplicationSceneManifest_Generation = YES;
				INFOPLIST_KEY_UIApplicationSupportsIndirectInputEvents = YES;
				INFOPLIST_KEY_UILaunchScreen_Generation = YES;
				INFOPLIST_KEY_UISupportedInterfaceOrientations_iPad = "UIInterfaceOrientationPortrait UIInterfaceOrientationPortraitUpsideDown UIInterfaceOrientationLandscapeLeft UIInterfaceOrientationLandscapeRight";
				INFOPLIST_KEY_UISupportedInterfaceOrientations_iPhone = "UIInterfaceOrientationPortrait UIInterfaceOrientationLandscapeLeft UIInterfaceOrientationLandscapeRight";
				LD_RUNPATH_SEARCH_PATHS = (
					"$(inherited)",
					"@executable_path/Frameworks",
				);
				MARKETING_VERSION = 1.0;
				PRODUCT_BUNDLE_IDENTIFIER = AdiletBerdibekov.Neumorphism;
				PRODUCT_NAME = "$(TARGET_NAME)";
				SWIFT_EMIT_LOC_STRINGS = YES;
				SWIFT_VERSION = 5.0;
				TARGETED_DEVICE_FAMILY = "1,2";
			};
			name = Debug;
		};
		6D2D29D527673BB7002966D3 /* Release */ = {
			isa = XCBuildConfiguration;
			buildSettings = {
				ASSETCATALOG_COMPILER_APPICON_NAME = AppIcon;
				ASSETCATALOG_COMPILER_GLOBAL_ACCENT_COLOR_NAME = AccentColor;
				CODE_SIGN_STYLE = Automatic;
				CURRENT_PROJECT_VERSION = 1;
				DEVELOPMENT_ASSET_PATHS = "\"Neumorphism/Preview Content\"";
				DEVELOPMENT_TEAM = 74888VXG95;
				ENABLE_PREVIEWS = YES;
				GENERATE_INFOPLIST_FILE = YES;
				INFOPLIST_KEY_UIApplicationSceneManifest_Generation = YES;
				INFOPLIST_KEY_UIApplicationSupportsIndirectInputEvents = YES;
				INFOPLIST_KEY_UILaunchScreen_Generation = YES;
				INFOPLIST_KEY_UISupportedInterfaceOrientations_iPad = "UIInterfaceOrientationPortrait UIInterfaceOrientationPortraitUpsideDown UIInterfaceOrientationLandscapeLeft UIInterfaceOrientationLandscapeRight";
				INFOPLIST_KEY_UISupportedInterfaceOrientations_iPhone = "UIInterfaceOrientationPortrait UIInterfaceOrientationLandscapeLeft UIInterfaceOrientationLandscapeRight";
				LD_RUNPATH_SEARCH_PATHS = (
					"$(inherited)",
					"@executable_path/Frameworks",
				);
				MARKETING_VERSION = 1.0;
				PRODUCT_BUNDLE_IDENTIFIER = AdiletBerdibekov.Neumorphism;
				PRODUCT_NAME = "$(TARGET_NAME)";
				SWIFT_EMIT_LOC_STRINGS = YES;
				SWIFT_VERSION = 5.0;
				TARGETED_DEVICE_FAMILY = "1,2";
			};
			name = Release;
		};
/* End XCBuildConfiguration section */

/* Begin XCConfigurationList section */
		6D2D29C027673BB4002966D3 /* Build configuration list for PBXProject "Neumorphism" */ = {
			isa = XCConfigurationList;
			buildConfigurations = (
				6D2D29D127673BB7002966D3 /* Debug */,
				6D2D29D227673BB7002966D3 /* Release */,
			);
			defaultConfigurationIsVisible = 0;
			defaultConfigurationName = Release;
		};
		6D2D29D327673BB7002966D3 /* Build configuration list for PBXNativeTarget "Neumorphism" */ = {
			isa = XCConfigurationList;
			buildConfigurations = (
				6D2D29D427673BB7002966D3 /* Debug */,
				6D2D29D527673BB7002966D3 /* Release */,
			);
			defaultConfigurationIsVisible = 0;
			defaultConfigurationName = Release;
		};
/* End XCConfigurationList section */
	};
	rootObject = 6D2D29BD27673BB4002966D3 /* Project object */;
}
